{
  "name": "voice-fit-monorepo",
  "version": "1.0.0",
  "lockfileVersion": 3,
  "requires": true,
  "packages": {
    "": {
      "name": "voice-fit-monorepo",
      "version": "1.0.0",
      "license": "MIT",
      "dependencies": {
        "expo-analytics-amplitude": "^11.2.0"
      },
      "engines": {
        "node": ">=18.0.0",
        "npm": ">=9.0.0"
      }
    },
    "node_modules/expo-analytics-amplitude": {
      "version": "11.2.0",
      "resolved": "https://registry.npmjs.org/expo-analytics-amplitude/-/expo-analytics-amplitude-11.2.0.tgz",
      "integrity": "sha512-1VBITTm1kjsKUR2ndGF2g6J/AQXpsrg2ziEvbU5vcMJYpSl/hI/e9UBoqc36X5AvSJD5s9u6M5ad6CiiBzqnSQ==",
      "license": "MIT",
      "peerDependencies": {
        "expo": "*"
      }
    }
  }
}
